// !$*UTF8*$!
{
	archiveVersion = 1;
	classes = {
	};
	objectVersion = 52;
	objects = {

/* Begin PBXBuildFile section */
		66CE6F3E2442772F00915F7F /* AppDelegate.swift in Sources */ = {isa = PBXBuildFile; fileRef = 66CE6F3D2442772F00915F7F /* AppDelegate.swift */; };
		66CE6F402442772F00915F7F /* SceneDelegate.swift in Sources */ = {isa = PBXBuildFile; fileRef = 66CE6F3F2442772F00915F7F /* SceneDelegate.swift */; };
		66CE6F432442772F00915F7F /* attestation_COVID.xcdatamodeld in Sources */ = {isa = PBXBuildFile; fileRef = 66CE6F412442772F00915F7F /* attestation_COVID.xcdatamodeld */; };
		66CE6F452442772F00915F7F /* ContentView.swift in Sources */ = {isa = PBXBuildFile; fileRef = 66CE6F442442772F00915F7F /* ContentView.swift */; };
		66CE6F472442773300915F7F /* Assets.xcassets in Resources */ = {isa = PBXBuildFile; fileRef = 66CE6F462442773300915F7F /* Assets.xcassets */; };
		66CE6F4A2442773300915F7F /* Preview Assets.xcassets in Resources */ = {isa = PBXBuildFile; fileRef = 66CE6F492442773300915F7F /* Preview Assets.xcassets */; };
		66CE6F582442773400915F7F /* COVI19_deplacementTests.swift in Sources */ = {isa = PBXBuildFile; fileRef = 66CE6F572442773400915F7F /* COVI19_deplacementTests.swift */; };
		66CE6F632442773400915F7F /* COVI19_deplacementUITests.swift in Sources */ = {isa = PBXBuildFile; fileRef = 66CE6F622442773400915F7F /* COVI19_deplacementUITests.swift */; };
		66CE6F722442779100915F7F /* SwifterSwift in Frameworks */ = {isa = PBXBuildFile; productRef = 66CE6F712442779100915F7F /* SwifterSwift */; };
		66CE6F7A24430EFF00915F7F /* Author.swift in Sources */ = {isa = PBXBuildFile; fileRef = 66CE6F7924430EFF00915F7F /* Author.swift */; };
		66CE6F7C244311E100915F7F /* AddAuthorView.swift in Sources */ = {isa = PBXBuildFile; fileRef = 66CE6F7B244311E100915F7F /* AddAuthorView.swift */; };
		66CE6F7E244318D500915F7F /* Address.swift in Sources */ = {isa = PBXBuildFile; fileRef = 66CE6F7D244318D500915F7F /* Address.swift */; };
		66CE6F8224431DCA00915F7F /* KeyboardModifier.swift in Sources */ = {isa = PBXBuildFile; fileRef = 66CE6F8124431DCA00915F7F /* KeyboardModifier.swift */; };
		66CE6F8524433CD600915F7F /* AuthorsView.swift in Sources */ = {isa = PBXBuildFile; fileRef = 66CE6F8424433CD600915F7F /* AuthorsView.swift */; };
		66CE6F8824434B9C00915F7F /* AuthorsRow.swift in Sources */ = {isa = PBXBuildFile; fileRef = 66CE6F8724434B9C00915F7F /* AuthorsRow.swift */; };
		66CE6F8B24434F0200915F7F /* InformationsView.swift in Sources */ = {isa = PBXBuildFile; fileRef = 66CE6F8A24434F0200915F7F /* InformationsView.swift */; };
		66CE6F8E244352C900915F7F /* AddAttestationView.swift in Sources */ = {isa = PBXBuildFile; fileRef = 66CE6F8D244352C900915F7F /* AddAttestationView.swift */; };
		66CE6F902443538400915F7F /* PDFHelper.swift in Sources */ = {isa = PBXBuildFile; fileRef = 66CE6F8F2443538400915F7F /* PDFHelper.swift */; };
		66CE6F92244353D000915F7F /* PDFView.swift in Sources */ = {isa = PBXBuildFile; fileRef = 66CE6F91244353D000915F7F /* PDFView.swift */; };
		66CE6F9424435D6500915F7F /* Reasons.swift in Sources */ = {isa = PBXBuildFile; fileRef = 66CE6F9324435D6500915F7F /* Reasons.swift */; };
		66E99A762443690000595FF9 /* Attestation.swift in Sources */ = {isa = PBXBuildFile; fileRef = 66E99A752443690000595FF9 /* Attestation.swift */; };
		66E99A7824436ED400595FF9 /* certificate.pdf in Resources */ = {isa = PBXBuildFile; fileRef = 66E99A7724436ED400595FF9 /* certificate.pdf */; };
		66E99A7A24436FDD00595FF9 /* AttestationList.swift in Sources */ = {isa = PBXBuildFile; fileRef = 66E99A7924436FDD00595FF9 /* AttestationList.swift */; };
		66E99A7C2443767E00595FF9 /* AttestationItemView.swift in Sources */ = {isa = PBXBuildFile; fileRef = 66E99A7B2443767E00595FF9 /* AttestationItemView.swift */; };
		66E99A7E244379FF00595FF9 /* AttestationDetailView.swift in Sources */ = {isa = PBXBuildFile; fileRef = 66E99A7D244379FF00595FF9 /* AttestationDetailView.swift */; };
		66E99A852443A8D600595FF9 /* Localizable.strings in Resources */ = {isa = PBXBuildFile; fileRef = 66E99A872443A8D600595FF9 /* Localizable.strings */; };
		66E99A8A2443BD0700595FF9 /* ActivityViewController.swift in Sources */ = {isa = PBXBuildFile; fileRef = 66E99A892443BD0700595FF9 /* ActivityViewController.swift */; };
		66E99A962443C89500595FF9 /* Launch Screen.storyboard in Resources */ = {isa = PBXBuildFile; fileRef = 66E99A982443C89500595FF9 /* Launch Screen.storyboard */; };
/* End PBXBuildFile section */

/* Begin PBXContainerItemProxy section */
		66CE6F542442773400915F7F /* PBXContainerItemProxy */ = {
			isa = PBXContainerItemProxy;
			containerPortal = 66CE6F322442772F00915F7F /* Project object */;
			proxyType = 1;
			remoteGlobalIDString = 66CE6F392442772F00915F7F;
			remoteInfo = "COVI19-deplacement";
		};
		66CE6F5F2442773400915F7F /* PBXContainerItemProxy */ = {
			isa = PBXContainerItemProxy;
			containerPortal = 66CE6F322442772F00915F7F /* Project object */;
			proxyType = 1;
			remoteGlobalIDString = 66CE6F392442772F00915F7F;
			remoteInfo = "COVI19-deplacement";
		};
/* End PBXContainerItemProxy section */

/* Begin PBXFileReference section */
		66CE6F3A2442772F00915F7F /* Attestation.app */ = {isa = PBXFileReference; explicitFileType = wrapper.application; includeInIndex = 0; path = Attestation.app; sourceTree = BUILT_PRODUCTS_DIR; };
		66CE6F3D2442772F00915F7F /* AppDelegate.swift */ = {isa = PBXFileReference; lastKnownFileType = sourcecode.swift; path = AppDelegate.swift; sourceTree = "<group>"; };
		66CE6F3F2442772F00915F7F /* SceneDelegate.swift */ = {isa = PBXFileReference; lastKnownFileType = sourcecode.swift; path = SceneDelegate.swift; sourceTree = "<group>"; };
		66CE6F422442772F00915F7F /* COVI19_deplacement.xcdatamodel */ = {isa = PBXFileReference; lastKnownFileType = wrapper.xcdatamodel; path = COVI19_deplacement.xcdatamodel; sourceTree = "<group>"; };
		66CE6F442442772F00915F7F /* ContentView.swift */ = {isa = PBXFileReference; lastKnownFileType = sourcecode.swift; path = ContentView.swift; sourceTree = "<group>"; };
		66CE6F462442773300915F7F /* Assets.xcassets */ = {isa = PBXFileReference; lastKnownFileType = folder.assetcatalog; path = Assets.xcassets; sourceTree = "<group>"; };
		66CE6F492442773300915F7F /* Preview Assets.xcassets */ = {isa = PBXFileReference; lastKnownFileType = folder.assetcatalog; path = "Preview Assets.xcassets"; sourceTree = "<group>"; };
		66CE6F4E2442773300915F7F /* Info.plist */ = {isa = PBXFileReference; lastKnownFileType = text.plist.xml; path = Info.plist; sourceTree = "<group>"; };
		66CE6F532442773400915F7F /* attestation-COVIDTests.xctest */ = {isa = PBXFileReference; explicitFileType = wrapper.cfbundle; includeInIndex = 0; path = "attestation-COVIDTests.xctest"; sourceTree = BUILT_PRODUCTS_DIR; };
		66CE6F572442773400915F7F /* COVI19_deplacementTests.swift */ = {isa = PBXFileReference; lastKnownFileType = sourcecode.swift; path = COVI19_deplacementTests.swift; sourceTree = "<group>"; };
		66CE6F592442773400915F7F /* Info.plist */ = {isa = PBXFileReference; lastKnownFileType = text.plist.xml; path = Info.plist; sourceTree = "<group>"; };
		66CE6F5E2442773400915F7F /* attestation-COVIDUITests.xctest */ = {isa = PBXFileReference; explicitFileType = wrapper.cfbundle; includeInIndex = 0; path = "attestation-COVIDUITests.xctest"; sourceTree = BUILT_PRODUCTS_DIR; };
		66CE6F622442773400915F7F /* COVI19_deplacementUITests.swift */ = {isa = PBXFileReference; lastKnownFileType = sourcecode.swift; path = COVI19_deplacementUITests.swift; sourceTree = "<group>"; };
		66CE6F642442773400915F7F /* Info.plist */ = {isa = PBXFileReference; lastKnownFileType = text.plist.xml; path = Info.plist; sourceTree = "<group>"; };
		66CE6F7924430EFF00915F7F /* Author.swift */ = {isa = PBXFileReference; lastKnownFileType = sourcecode.swift; path = Author.swift; sourceTree = "<group>"; };
		66CE6F7B244311E100915F7F /* AddAuthorView.swift */ = {isa = PBXFileReference; lastKnownFileType = sourcecode.swift; path = AddAuthorView.swift; sourceTree = "<group>"; };
		66CE6F7D244318D500915F7F /* Address.swift */ = {isa = PBXFileReference; lastKnownFileType = sourcecode.swift; path = Address.swift; sourceTree = "<group>"; };
		66CE6F8124431DCA00915F7F /* KeyboardModifier.swift */ = {isa = PBXFileReference; lastKnownFileType = sourcecode.swift; path = KeyboardModifier.swift; sourceTree = "<group>"; };
		66CE6F8424433CD600915F7F /* AuthorsView.swift */ = {isa = PBXFileReference; lastKnownFileType = sourcecode.swift; path = AuthorsView.swift; sourceTree = "<group>"; };
		66CE6F8724434B9C00915F7F /* AuthorsRow.swift */ = {isa = PBXFileReference; lastKnownFileType = sourcecode.swift; path = AuthorsRow.swift; sourceTree = "<group>"; };
		66CE6F8A24434F0200915F7F /* InformationsView.swift */ = {isa = PBXFileReference; lastKnownFileType = sourcecode.swift; path = InformationsView.swift; sourceTree = "<group>"; };
		66CE6F8D244352C900915F7F /* AddAttestationView.swift */ = {isa = PBXFileReference; lastKnownFileType = sourcecode.swift; path = AddAttestationView.swift; sourceTree = "<group>"; };
		66CE6F8F2443538400915F7F /* PDFHelper.swift */ = {isa = PBXFileReference; lastKnownFileType = sourcecode.swift; path = PDFHelper.swift; sourceTree = "<group>"; };
		66CE6F91244353D000915F7F /* PDFView.swift */ = {isa = PBXFileReference; lastKnownFileType = sourcecode.swift; path = PDFView.swift; sourceTree = "<group>"; };
		66CE6F9324435D6500915F7F /* Reasons.swift */ = {isa = PBXFileReference; lastKnownFileType = sourcecode.swift; path = Reasons.swift; sourceTree = "<group>"; };
		66E99A752443690000595FF9 /* Attestation.swift */ = {isa = PBXFileReference; lastKnownFileType = sourcecode.swift; path = Attestation.swift; sourceTree = "<group>"; };
		66E99A7724436ED400595FF9 /* certificate.pdf */ = {isa = PBXFileReference; lastKnownFileType = image.pdf; path = certificate.pdf; sourceTree = "<group>"; };
		66E99A7924436FDD00595FF9 /* AttestationList.swift */ = {isa = PBXFileReference; lastKnownFileType = sourcecode.swift; path = AttestationList.swift; sourceTree = "<group>"; };
		66E99A7B2443767E00595FF9 /* AttestationItemView.swift */ = {isa = PBXFileReference; lastKnownFileType = sourcecode.swift; path = AttestationItemView.swift; sourceTree = "<group>"; };
		66E99A7D244379FF00595FF9 /* AttestationDetailView.swift */ = {isa = PBXFileReference; lastKnownFileType = sourcecode.swift; path = AttestationDetailView.swift; sourceTree = "<group>"; };
		66E99A862443A8D600595FF9 /* en */ = {isa = PBXFileReference; lastKnownFileType = text.plist.strings; name = en; path = en.lproj/Localizable.strings; sourceTree = "<group>"; };
		66E99A882443A8E400595FF9 /* fr */ = {isa = PBXFileReference; lastKnownFileType = text.plist.strings; name = fr; path = fr.lproj/Localizable.strings; sourceTree = "<group>"; };
		66E99A892443BD0700595FF9 /* ActivityViewController.swift */ = {isa = PBXFileReference; lastKnownFileType = sourcecode.swift; path = ActivityViewController.swift; sourceTree = "<group>"; };
		66E99A972443C89500595FF9 /* Base */ = {isa = PBXFileReference; lastKnownFileType = file.storyboard; name = Base; path = "Base.lproj/Launch Screen.storyboard"; sourceTree = "<group>"; };
		66E99A9A2443C89800595FF9 /* en */ = {isa = PBXFileReference; lastKnownFileType = text.plist.strings; name = en; path = "en.lproj/Launch Screen.strings"; sourceTree = "<group>"; };
		66E99A9C2443C89A00595FF9 /* fr */ = {isa = PBXFileReference; lastKnownFileType = text.plist.strings; name = fr; path = "fr.lproj/Launch Screen.strings"; sourceTree = "<group>"; };
/* End PBXFileReference section */

/* Begin PBXFrameworksBuildPhase section */
		66CE6F372442772F00915F7F /* Frameworks */ = {
			isa = PBXFrameworksBuildPhase;
			buildActionMask = 2147483647;
			files = (
				66CE6F722442779100915F7F /* SwifterSwift in Frameworks */,
			);
			runOnlyForDeploymentPostprocessing = 0;
		};
		66CE6F502442773400915F7F /* Frameworks */ = {
			isa = PBXFrameworksBuildPhase;
			buildActionMask = 2147483647;
			files = (
			);
			runOnlyForDeploymentPostprocessing = 0;
		};
		66CE6F5B2442773400915F7F /* Frameworks */ = {
			isa = PBXFrameworksBuildPhase;
			buildActionMask = 2147483647;
			files = (
			);
			runOnlyForDeploymentPostprocessing = 0;
		};
/* End PBXFrameworksBuildPhase section */

/* Begin PBXGroup section */
		66CE6F312442772F00915F7F = {
			isa = PBXGroup;
			children = (
				66CE6F3C2442772F00915F7F /* attestation-COVID */,
				66CE6F612442773400915F7F /* attestation-COVIDUITests */,
				66CE6F3B2442772F00915F7F /* Products */,
			);
			sourceTree = "<group>";
		};
		66CE6F3B2442772F00915F7F /* Products */ = {
			isa = PBXGroup;
			children = (
				66CE6F3A2442772F00915F7F /* Attestation.app */,
				66CE6F532442773400915F7F /* attestation-COVIDTests.xctest */,
				66CE6F5E2442773400915F7F /* attestation-COVIDUITests.xctest */,
			);
			name = Products;
			sourceTree = "<group>";
		};
		66CE6F3C2442772F00915F7F /* attestation-COVID */ = {
			isa = PBXGroup;
			children = (
				66E99A7F2443874E00595FF9 /* Misc */,
				66CE6F7F24431DBD00915F7F /* Helper */,
				66CE6F7624430D1D00915F7F /* Entities */,
				66CE6F8324433CB100915F7F /* Views */,
				66CE6F3D2442772F00915F7F /* AppDelegate.swift */,
				66CE6F3F2442772F00915F7F /* SceneDelegate.swift */,
				66E99A982443C89500595FF9 /* Launch Screen.storyboard */,
				66CE6F562442773400915F7F /* attestation-COVIDTests */,
				66CE6F462442773300915F7F /* Assets.xcassets */,
				66CE6F4E2442773300915F7F /* Info.plist */,
				66CE6F412442772F00915F7F /* attestation_COVID.xcdatamodeld */,
				66CE6F482442773300915F7F /* Preview Content */,
			);
			path = "attestation-COVID";
			sourceTree = "<group>";
		};
		66CE6F482442773300915F7F /* Preview Content */ = {
			isa = PBXGroup;
			children = (
				66CE6F492442773300915F7F /* Preview Assets.xcassets */,
			);
			path = "Preview Content";
			sourceTree = "<group>";
		};
		66CE6F562442773400915F7F /* attestation-COVIDTests */ = {
			isa = PBXGroup;
			children = (
				66CE6F572442773400915F7F /* COVI19_deplacementTests.swift */,
				66CE6F592442773400915F7F /* Info.plist */,
			);
			path = "attestation-COVIDTests";
			sourceTree = "<group>";
		};
		66CE6F612442773400915F7F /* attestation-COVIDUITests */ = {
			isa = PBXGroup;
			children = (
				66CE6F622442773400915F7F /* COVI19_deplacementUITests.swift */,
				66CE6F642442773400915F7F /* Info.plist */,
			);
			path = "attestation-COVIDUITests";
			sourceTree = "<group>";
		};
		66CE6F7624430D1D00915F7F /* Entities */ = {
			isa = PBXGroup;
			children = (
				66CE6F7924430EFF00915F7F /* Author.swift */,
				66CE6F7D244318D500915F7F /* Address.swift */,
				66CE6F9324435D6500915F7F /* Reasons.swift */,
				66E99A752443690000595FF9 /* Attestation.swift */,
			);
			path = Entities;
			sourceTree = "<group>";
		};
		66CE6F7F24431DBD00915F7F /* Helper */ = {
			isa = PBXGroup;
			children = (
				66CE6F8124431DCA00915F7F /* KeyboardModifier.swift */,
				66CE6F8F2443538400915F7F /* PDFHelper.swift */,
			);
			path = Helper;
			sourceTree = "<group>";
		};
		66CE6F8324433CB100915F7F /* Views */ = {
			isa = PBXGroup;
			children = (
				66CE6F442442772F00915F7F /* ContentView.swift */,
				66CE6F8C2443528300915F7F /* Attestation */,
				66CE6F8624434B7E00915F7F /* Author */,
				66CE6F8924434EEC00915F7F /* Information */,
				66E99A892443BD0700595FF9 /* ActivityViewController.swift */,
			);
			path = Views;
			sourceTree = "<group>";
		};
		66CE6F8624434B7E00915F7F /* Author */ = {
			isa = PBXGroup;
			children = (
				66CE6F7B244311E100915F7F /* AddAuthorView.swift */,
				66CE6F8424433CD600915F7F /* AuthorsView.swift */,
				66CE6F8724434B9C00915F7F /* AuthorsRow.swift */,
			);
			path = Author;
			sourceTree = "<group>";
		};
		66CE6F8924434EEC00915F7F /* Information */ = {
			isa = PBXGroup;
			children = (
				66CE6F8A24434F0200915F7F /* InformationsView.swift */,
			);
			path = Information;
			sourceTree = "<group>";
		};
		66CE6F8C2443528300915F7F /* Attestation */ = {
			isa = PBXGroup;
			children = (
				66E99A802443881000595FF9 /* Detail */,
				66CE6F8D244352C900915F7F /* AddAttestationView.swift */,
				66E99A7924436FDD00595FF9 /* AttestationList.swift */,
				66E99A7B2443767E00595FF9 /* AttestationItemView.swift */,
			);
			path = Attestation;
			sourceTree = "<group>";
		};
		66E99A7F2443874E00595FF9 /* Misc */ = {
			isa = PBXGroup;
			children = (
				66E99A7724436ED400595FF9 /* certificate.pdf */,
				66E99A872443A8D600595FF9 /* Localizable.strings */,
			);
			path = Misc;
			sourceTree = "<group>";
		};
		66E99A802443881000595FF9 /* Detail */ = {
			isa = PBXGroup;
			children = (
				66E99A7D244379FF00595FF9 /* AttestationDetailView.swift */,
				66CE6F91244353D000915F7F /* PDFView.swift */,
			);
			path = Detail;
			sourceTree = "<group>";
		};
/* End PBXGroup section */

/* Begin PBXNativeTarget section */
		66CE6F392442772F00915F7F /* attestation-COVID */ = {
			isa = PBXNativeTarget;
			buildConfigurationList = 66CE6F672442773400915F7F /* Build configuration list for PBXNativeTarget "attestation-COVID" */;
			buildPhases = (
				66CE6F362442772F00915F7F /* Sources */,
				66CE6F372442772F00915F7F /* Frameworks */,
				66CE6F382442772F00915F7F /* Resources */,
			);
			buildRules = (
			);
			dependencies = (
			);
			name = "attestation-COVID";
			packageProductDependencies = (
				66CE6F712442779100915F7F /* SwifterSwift */,
			);
			productName = "COVI19-deplacement";
			productReference = 66CE6F3A2442772F00915F7F /* Attestation.app */;
			productType = "com.apple.product-type.application";
		};
		66CE6F522442773400915F7F /* attestation-COVIDTests */ = {
			isa = PBXNativeTarget;
			buildConfigurationList = 66CE6F6A2442773400915F7F /* Build configuration list for PBXNativeTarget "attestation-COVIDTests" */;
			buildPhases = (
				66CE6F4F2442773400915F7F /* Sources */,
				66CE6F502442773400915F7F /* Frameworks */,
				66CE6F512442773400915F7F /* Resources */,
			);
			buildRules = (
			);
			dependencies = (
				66CE6F552442773400915F7F /* PBXTargetDependency */,
			);
			name = "attestation-COVIDTests";
			productName = "COVI19-deplacementTests";
			productReference = 66CE6F532442773400915F7F /* attestation-COVIDTests.xctest */;
			productType = "com.apple.product-type.bundle.unit-test";
		};
		66CE6F5D2442773400915F7F /* attestation-COVIDUITests */ = {
			isa = PBXNativeTarget;
			buildConfigurationList = 66CE6F6D2442773400915F7F /* Build configuration list for PBXNativeTarget "attestation-COVIDUITests" */;
			buildPhases = (
				66CE6F5A2442773400915F7F /* Sources */,
				66CE6F5B2442773400915F7F /* Frameworks */,
				66CE6F5C2442773400915F7F /* Resources */,
			);
			buildRules = (
			);
			dependencies = (
				66CE6F602442773400915F7F /* PBXTargetDependency */,
			);
			name = "attestation-COVIDUITests";
			productName = "COVI19-deplacementUITests";
			productReference = 66CE6F5E2442773400915F7F /* attestation-COVIDUITests.xctest */;
			productType = "com.apple.product-type.bundle.ui-testing";
		};
/* End PBXNativeTarget section */

/* Begin PBXProject section */
		66CE6F322442772F00915F7F /* Project object */ = {
			isa = PBXProject;
			attributes = {
				LastSwiftUpdateCheck = 1140;
				LastUpgradeCheck = 1140;
				ORGANIZATIONNAME = "Quentin PIDOUX";
				TargetAttributes = {
					66CE6F392442772F00915F7F = {
						CreatedOnToolsVersion = 11.4;
					};
					66CE6F522442773400915F7F = {
						CreatedOnToolsVersion = 11.4;
						TestTargetID = 66CE6F392442772F00915F7F;
					};
					66CE6F5D2442773400915F7F = {
						CreatedOnToolsVersion = 11.4;
						TestTargetID = 66CE6F392442772F00915F7F;
					};
				};
			};
			buildConfigurationList = 66CE6F352442772F00915F7F /* Build configuration list for PBXProject "attestation-COVID" */;
			compatibilityVersion = "Xcode 9.3";
			developmentRegion = en;
			hasScannedForEncodings = 0;
			knownRegions = (
				en,
				Base,
				fr,
			);
			mainGroup = 66CE6F312442772F00915F7F;
			packageReferences = (
				66CE6F702442779100915F7F /* XCRemoteSwiftPackageReference "SwifterSwift" */,
			);
			productRefGroup = 66CE6F3B2442772F00915F7F /* Products */;
			projectDirPath = "";
			projectRoot = "";
			targets = (
				66CE6F392442772F00915F7F /* attestation-COVID */,
				66CE6F522442773400915F7F /* attestation-COVIDTests */,
				66CE6F5D2442773400915F7F /* attestation-COVIDUITests */,
			);
		};
/* End PBXProject section */

/* Begin PBXResourcesBuildPhase section */
		66CE6F382442772F00915F7F /* Resources */ = {
			isa = PBXResourcesBuildPhase;
			buildActionMask = 2147483647;
			files = (
				66CE6F4A2442773300915F7F /* Preview Assets.xcassets in Resources */,
				66E99A852443A8D600595FF9 /* Localizable.strings in Resources */,
				66E99A7824436ED400595FF9 /* certificate.pdf in Resources */,
				66E99A962443C89500595FF9 /* Launch Screen.storyboard in Resources */,
				66CE6F472442773300915F7F /* Assets.xcassets in Resources */,
			);
			runOnlyForDeploymentPostprocessing = 0;
		};
		66CE6F512442773400915F7F /* Resources */ = {
			isa = PBXResourcesBuildPhase;
			buildActionMask = 2147483647;
			files = (
			);
			runOnlyForDeploymentPostprocessing = 0;
		};
		66CE6F5C2442773400915F7F /* Resources */ = {
			isa = PBXResourcesBuildPhase;
			buildActionMask = 2147483647;
			files = (
			);
			runOnlyForDeploymentPostprocessing = 0;
		};
/* End PBXResourcesBuildPhase section */

/* Begin PBXSourcesBuildPhase section */
		66CE6F362442772F00915F7F /* Sources */ = {
			isa = PBXSourcesBuildPhase;
			buildActionMask = 2147483647;
			files = (
				66E99A7E244379FF00595FF9 /* AttestationDetailView.swift in Sources */,
				66E99A7C2443767E00595FF9 /* AttestationItemView.swift in Sources */,
				66CE6F8524433CD600915F7F /* AuthorsView.swift in Sources */,
				66E99A8A2443BD0700595FF9 /* ActivityViewController.swift in Sources */,
				66CE6F9424435D6500915F7F /* Reasons.swift in Sources */,
				66E99A7A24436FDD00595FF9 /* AttestationList.swift in Sources */,
				66CE6F8824434B9C00915F7F /* AuthorsRow.swift in Sources */,
				66CE6F3E2442772F00915F7F /* AppDelegate.swift in Sources */,
				66CE6F8224431DCA00915F7F /* KeyboardModifier.swift in Sources */,
				66CE6F902443538400915F7F /* PDFHelper.swift in Sources */,
				66CE6F432442772F00915F7F /* attestation_COVID.xcdatamodeld in Sources */,
				66CE6F8B24434F0200915F7F /* InformationsView.swift in Sources */,
				66CE6F92244353D000915F7F /* PDFView.swift in Sources */,
				66CE6F452442772F00915F7F /* ContentView.swift in Sources */,
				66CE6F8E244352C900915F7F /* AddAttestationView.swift in Sources */,
				66CE6F7C244311E100915F7F /* AddAuthorView.swift in Sources */,
				66E99A762443690000595FF9 /* Attestation.swift in Sources */,
				66CE6F402442772F00915F7F /* SceneDelegate.swift in Sources */,
				66CE6F7A24430EFF00915F7F /* Author.swift in Sources */,
				66CE6F7E244318D500915F7F /* Address.swift in Sources */,
			);
			runOnlyForDeploymentPostprocessing = 0;
		};
		66CE6F4F2442773400915F7F /* Sources */ = {
			isa = PBXSourcesBuildPhase;
			buildActionMask = 2147483647;
			files = (
				66CE6F582442773400915F7F /* COVI19_deplacementTests.swift in Sources */,
			);
			runOnlyForDeploymentPostprocessing = 0;
		};
		66CE6F5A2442773400915F7F /* Sources */ = {
			isa = PBXSourcesBuildPhase;
			buildActionMask = 2147483647;
			files = (
				66CE6F632442773400915F7F /* COVI19_deplacementUITests.swift in Sources */,
			);
			runOnlyForDeploymentPostprocessing = 0;
		};
/* End PBXSourcesBuildPhase section */

/* Begin PBXTargetDependency section */
		66CE6F552442773400915F7F /* PBXTargetDependency */ = {
			isa = PBXTargetDependency;
			target = 66CE6F392442772F00915F7F /* attestation-COVID */;
			targetProxy = 66CE6F542442773400915F7F /* PBXContainerItemProxy */;
		};
		66CE6F602442773400915F7F /* PBXTargetDependency */ = {
			isa = PBXTargetDependency;
			target = 66CE6F392442772F00915F7F /* attestation-COVID */;
			targetProxy = 66CE6F5F2442773400915F7F /* PBXContainerItemProxy */;
		};
/* End PBXTargetDependency section */

/* Begin PBXVariantGroup section */
		66E99A872443A8D600595FF9 /* Localizable.strings */ = {
			isa = PBXVariantGroup;
			children = (
				66E99A862443A8D600595FF9 /* en */,
				66E99A882443A8E400595FF9 /* fr */,
			);
			name = Localizable.strings;
			sourceTree = "<group>";
		};
		66E99A982443C89500595FF9 /* Launch Screen.storyboard */ = {
			isa = PBXVariantGroup;
			children = (
				66E99A972443C89500595FF9 /* Base */,
				66E99A9A2443C89800595FF9 /* en */,
				66E99A9C2443C89A00595FF9 /* fr */,
			);
			name = "Launch Screen.storyboard";
			sourceTree = "<group>";
		};
/* End PBXVariantGroup section */

/* Begin XCBuildConfiguration section */
		66CE6F652442773400915F7F /* Debug */ = {
			isa = XCBuildConfiguration;
			buildSettings = {
				ALWAYS_SEARCH_USER_PATHS = NO;
				CLANG_ANALYZER_LOCALIZABILITY_NONLOCALIZED = YES;
				CLANG_ANALYZER_NONNULL = YES;
				CLANG_ANALYZER_NUMBER_OBJECT_CONVERSION = YES_AGGRESSIVE;
				CLANG_CXX_LANGUAGE_STANDARD = "gnu++14";
				CLANG_CXX_LIBRARY = "libc++";
				CLANG_ENABLE_MODULES = YES;
				CLANG_ENABLE_OBJC_ARC = YES;
				CLANG_ENABLE_OBJC_WEAK = YES;
				CLANG_WARN_BLOCK_CAPTURE_AUTORELEASING = YES;
				CLANG_WARN_BOOL_CONVERSION = YES;
				CLANG_WARN_COMMA = YES;
				CLANG_WARN_CONSTANT_CONVERSION = YES;
				CLANG_WARN_DEPRECATED_OBJC_IMPLEMENTATIONS = YES;
				CLANG_WARN_DIRECT_OBJC_ISA_USAGE = YES_ERROR;
				CLANG_WARN_DOCUMENTATION_COMMENTS = YES;
				CLANG_WARN_EMPTY_BODY = YES;
				CLANG_WARN_ENUM_CONVERSION = YES;
				CLANG_WARN_INFINITE_RECURSION = YES;
				CLANG_WARN_INT_CONVERSION = YES;
				CLANG_WARN_NON_LITERAL_NULL_CONVERSION = YES;
				CLANG_WARN_OBJC_IMPLICIT_RETAIN_SELF = YES;
				CLANG_WARN_OBJC_LITERAL_CONVERSION = YES;
				CLANG_WARN_OBJC_ROOT_CLASS = YES_ERROR;
				CLANG_WARN_RANGE_LOOP_ANALYSIS = YES;
				CLANG_WARN_STRICT_PROTOTYPES = YES;
				CLANG_WARN_SUSPICIOUS_MOVE = YES;
				CLANG_WARN_UNGUARDED_AVAILABILITY = YES_AGGRESSIVE;
				CLANG_WARN_UNREACHABLE_CODE = YES;
				CLANG_WARN__DUPLICATE_METHOD_MATCH = YES;
				COPY_PHASE_STRIP = NO;
				DEBUG_INFORMATION_FORMAT = dwarf;
				ENABLE_STRICT_OBJC_MSGSEND = YES;
				ENABLE_TESTABILITY = YES;
				GCC_C_LANGUAGE_STANDARD = gnu11;
				GCC_DYNAMIC_NO_PIC = NO;
				GCC_NO_COMMON_BLOCKS = YES;
				GCC_OPTIMIZATION_LEVEL = 0;
				GCC_PREPROCESSOR_DEFINITIONS = (
					"DEBUG=1",
					"$(inherited)",
				);
				GCC_WARN_64_TO_32_BIT_CONVERSION = YES;
				GCC_WARN_ABOUT_RETURN_TYPE = YES_ERROR;
				GCC_WARN_UNDECLARED_SELECTOR = YES;
				GCC_WARN_UNINITIALIZED_AUTOS = YES_AGGRESSIVE;
				GCC_WARN_UNUSED_FUNCTION = YES;
				GCC_WARN_UNUSED_VARIABLE = YES;
				IPHONEOS_DEPLOYMENT_TARGET = 13.0;
				MTL_ENABLE_DEBUG_INFO = INCLUDE_SOURCE;
				MTL_FAST_MATH = YES;
				ONLY_ACTIVE_ARCH = YES;
				SDKROOT = iphoneos;
				SWIFT_ACTIVE_COMPILATION_CONDITIONS = DEBUG;
				SWIFT_OPTIMIZATION_LEVEL = "-Onone";
			};
			name = Debug;
		};
		66CE6F662442773400915F7F /* Release */ = {
			isa = XCBuildConfiguration;
			buildSettings = {
				ALWAYS_SEARCH_USER_PATHS = NO;
				CLANG_ANALYZER_LOCALIZABILITY_NONLOCALIZED = YES;
				CLANG_ANALYZER_NONNULL = YES;
				CLANG_ANALYZER_NUMBER_OBJECT_CONVERSION = YES_AGGRESSIVE;
				CLANG_CXX_LANGUAGE_STANDARD = "gnu++14";
				CLANG_CXX_LIBRARY = "libc++";
				CLANG_ENABLE_MODULES = YES;
				CLANG_ENABLE_OBJC_ARC = YES;
				CLANG_ENABLE_OBJC_WEAK = YES;
				CLANG_WARN_BLOCK_CAPTURE_AUTORELEASING = YES;
				CLANG_WARN_BOOL_CONVERSION = YES;
				CLANG_WARN_COMMA = YES;
				CLANG_WARN_CONSTANT_CONVERSION = YES;
				CLANG_WARN_DEPRECATED_OBJC_IMPLEMENTATIONS = YES;
				CLANG_WARN_DIRECT_OBJC_ISA_USAGE = YES_ERROR;
				CLANG_WARN_DOCUMENTATION_COMMENTS = YES;
				CLANG_WARN_EMPTY_BODY = YES;
				CLANG_WARN_ENUM_CONVERSION = YES;
				CLANG_WARN_INFINITE_RECURSION = YES;
				CLANG_WARN_INT_CONVERSION = YES;
				CLANG_WARN_NON_LITERAL_NULL_CONVERSION = YES;
				CLANG_WARN_OBJC_IMPLICIT_RETAIN_SELF = YES;
				CLANG_WARN_OBJC_LITERAL_CONVERSION = YES;
				CLANG_WARN_OBJC_ROOT_CLASS = YES_ERROR;
				CLANG_WARN_RANGE_LOOP_ANALYSIS = YES;
				CLANG_WARN_STRICT_PROTOTYPES = YES;
				CLANG_WARN_SUSPICIOUS_MOVE = YES;
				CLANG_WARN_UNGUARDED_AVAILABILITY = YES_AGGRESSIVE;
				CLANG_WARN_UNREACHABLE_CODE = YES;
				CLANG_WARN__DUPLICATE_METHOD_MATCH = YES;
				COPY_PHASE_STRIP = NO;
				DEBUG_INFORMATION_FORMAT = "dwarf-with-dsym";
				ENABLE_NS_ASSERTIONS = NO;
				ENABLE_STRICT_OBJC_MSGSEND = YES;
				GCC_C_LANGUAGE_STANDARD = gnu11;
				GCC_NO_COMMON_BLOCKS = YES;
				GCC_WARN_64_TO_32_BIT_CONVERSION = YES;
				GCC_WARN_ABOUT_RETURN_TYPE = YES_ERROR;
				GCC_WARN_UNDECLARED_SELECTOR = YES;
				GCC_WARN_UNINITIALIZED_AUTOS = YES_AGGRESSIVE;
				GCC_WARN_UNUSED_FUNCTION = YES;
				GCC_WARN_UNUSED_VARIABLE = YES;
				IPHONEOS_DEPLOYMENT_TARGET = 13.0;
				MTL_ENABLE_DEBUG_INFO = NO;
				MTL_FAST_MATH = YES;
				SDKROOT = iphoneos;
				SWIFT_COMPILATION_MODE = wholemodule;
				SWIFT_OPTIMIZATION_LEVEL = "-O";
				VALIDATE_PRODUCT = YES;
			};
			name = Release;
		};
		66CE6F682442773400915F7F /* Debug */ = {
			isa = XCBuildConfiguration;
			buildSettings = {
				ASSETCATALOG_COMPILER_APPICON_NAME = AppIcon;
				CODE_SIGN_STYLE = Automatic;
				DEVELOPMENT_ASSET_PATHS = "\"attestation-COVID/Preview Content\"";
				DEVELOPMENT_TEAM = APQPM37LES;
				ENABLE_PREVIEWS = YES;
				INFOPLIST_FILE = "attestation-COVID/Info.plist";
				LD_RUNPATH_SEARCH_PATHS = (
					"$(inherited)",
					"@executable_path/Frameworks",
				);
				PRODUCT_BUNDLE_IDENTIFIER = "Connectiv-IT.attestation-COVID";
				PRODUCT_NAME = Attestation;
				SWIFT_VERSION = 5.0;
				TARGETED_DEVICE_FAMILY = "1,2";
			};
			name = Debug;
		};
		66CE6F692442773400915F7F /* Release */ = {
			isa = XCBuildConfiguration;
			buildSettings = {
				ASSETCATALOG_COMPILER_APPICON_NAME = AppIcon;
				CODE_SIGN_STYLE = Automatic;
				DEVELOPMENT_ASSET_PATHS = "\"attestation-COVID/Preview Content\"";
				DEVELOPMENT_TEAM = APQPM37LES;
				ENABLE_PREVIEWS = YES;
				INFOPLIST_FILE = "attestation-COVID/Info.plist";
				LD_RUNPATH_SEARCH_PATHS = (
					"$(inherited)",
					"@executable_path/Frameworks",
				);
				PRODUCT_BUNDLE_IDENTIFIER = "Connectiv-IT.attestation-COVID";
				PRODUCT_NAME = Attestation;
				SWIFT_VERSION = 5.0;
				TARGETED_DEVICE_FAMILY = "1,2";
			};
			name = Release;
		};
		66CE6F6B2442773400915F7F /* Debug */ = {
			isa = XCBuildConfiguration;
			buildSettings = {
				ALWAYS_EMBED_SWIFT_STANDARD_LIBRARIES = YES;
				BUNDLE_LOADER = "$(TEST_HOST)";
				CODE_SIGN_STYLE = Automatic;
				DEVELOPMENT_TEAM = APQPM37LES;
				INFOPLIST_FILE = "attestation-COVID/Info.plist";
				IPHONEOS_DEPLOYMENT_TARGET = 13.4;
				LD_RUNPATH_SEARCH_PATHS = (
					"$(inherited)",
					"@executable_path/Frameworks",
					"@loader_path/Frameworks",
				);
				PRODUCT_BUNDLE_IDENTIFIER = "Connectiv-IT.COVI19-deplacementTests";
				PRODUCT_NAME = "$(TARGET_NAME)";
				SWIFT_VERSION = 5.0;
				TARGETED_DEVICE_FAMILY = "1,2";
				TEST_HOST = "$(BUILT_PRODUCTS_DIR)/attestation-COVID.app/attestation-COVID";
			};
			name = Debug;
		};
		66CE6F6C2442773400915F7F /* Release */ = {
			isa = XCBuildConfiguration;
			buildSettings = {
				ALWAYS_EMBED_SWIFT_STANDARD_LIBRARIES = YES;
				BUNDLE_LOADER = "$(TEST_HOST)";
				CODE_SIGN_STYLE = Automatic;
				DEVELOPMENT_TEAM = APQPM37LES;
				INFOPLIST_FILE = "attestation-COVID/Info.plist";
				IPHONEOS_DEPLOYMENT_TARGET = 13.4;
				LD_RUNPATH_SEARCH_PATHS = (
					"$(inherited)",
					"@executable_path/Frameworks",
					"@loader_path/Frameworks",
				);
				PRODUCT_BUNDLE_IDENTIFIER = "Connectiv-IT.COVI19-deplacementTests";
				PRODUCT_NAME = "$(TARGET_NAME)";
				SWIFT_VERSION = 5.0;
				TARGETED_DEVICE_FAMILY = "1,2";
				TEST_HOST = "$(BUILT_PRODUCTS_DIR)/attestation-COVID.app/attestation-COVID";
			};
			name = Release;
		};
		66CE6F6E2442773400915F7F /* Debug */ = {
			isa = XCBuildConfiguration;
			buildSettings = {
				ALWAYS_EMBED_SWIFT_STANDARD_LIBRARIES = YES;
				CODE_SIGN_STYLE = Automatic;
				DEVELOPMENT_TEAM = APQPM37LES;
				INFOPLIST_FILE = "attestation-COVID/Info.plist";
				LD_RUNPATH_SEARCH_PATHS = (
					"$(inherited)",
					"@executable_path/Frameworks",
					"@loader_path/Frameworks",
				);
				PRODUCT_BUNDLE_IDENTIFIER = "Connectiv-IT.COVI19-deplacementUITests";
				PRODUCT_NAME = "$(TARGET_NAME)";
				SWIFT_VERSION = 5.0;
				TARGETED_DEVICE_FAMILY = "1,2";
				TEST_TARGET_NAME = "COVI19-deplacement";
			};
			name = Debug;
		};
		66CE6F6F2442773400915F7F /* Release */ = {
			isa = XCBuildConfiguration;
			buildSettings = {
				ALWAYS_EMBED_SWIFT_STANDARD_LIBRARIES = YES;
				CODE_SIGN_STYLE = Automatic;
				DEVELOPMENT_TEAM = APQPM37LES;
				INFOPLIST_FILE = "attestation-COVID/Info.plist";
				LD_RUNPATH_SEARCH_PATHS = (
					"$(inherited)",
					"@executable_path/Frameworks",
					"@loader_path/Frameworks",
				);
				PRODUCT_BUNDLE_IDENTIFIER = "Connectiv-IT.COVI19-deplacementUITests";
				PRODUCT_NAME = "$(TARGET_NAME)";
				SWIFT_VERSION = 5.0;
				TARGETED_DEVICE_FAMILY = "1,2";
				TEST_TARGET_NAME = "COVI19-deplacement";
			};
			name = Release;
		};
/* End XCBuildConfiguration section */

/* Begin XCConfigurationList section */
		66CE6F352442772F00915F7F /* Build configuration list for PBXProject "attestation-COVID" */ = {
			isa = XCConfigurationList;
			buildConfigurations = (
				66CE6F652442773400915F7F /* Debug */,
				66CE6F662442773400915F7F /* Release */,
			);
			defaultConfigurationIsVisible = 0;
			defaultConfigurationName = Release;
		};
		66CE6F672442773400915F7F /* Build configuration list for PBXNativeTarget "attestation-COVID" */ = {
			isa = XCConfigurationList;
			buildConfigurations = (
				66CE6F682442773400915F7F /* Debug */,
				66CE6F692442773400915F7F /* Release */,
			);
			defaultConfigurationIsVisible = 0;
			defaultConfigurationName = Release;
		};
		66CE6F6A2442773400915F7F /* Build configuration list for PBXNativeTarget "attestation-COVIDTests" */ = {
			isa = XCConfigurationList;
			buildConfigurations = (
				66CE6F6B2442773400915F7F /* Debug */,
				66CE6F6C2442773400915F7F /* Release */,
			);
			defaultConfigurationIsVisible = 0;
			defaultConfigurationName = Release;
		};
		66CE6F6D2442773400915F7F /* Build configuration list for PBXNativeTarget "attestation-COVIDUITests" */ = {
			isa = XCConfigurationList;
			buildConfigurations = (
				66CE6F6E2442773400915F7F /* Debug */,
				66CE6F6F2442773400915F7F /* Release */,
			);
			defaultConfigurationIsVisible = 0;
			defaultConfigurationName = Release;
		};
/* End XCConfigurationList section */

/* Begin XCRemoteSwiftPackageReference section */
		66CE6F702442779100915F7F /* XCRemoteSwiftPackageReference "SwifterSwift" */ = {
			isa = XCRemoteSwiftPackageReference;
			repositoryURL = "https://github.com/SwifterSwift/SwifterSwift";
			requirement = {
				kind = upToNextMajorVersion;
				minimumVersion = 5.2.0;
			};
		};
/* End XCRemoteSwiftPackageReference section */

/* Begin XCSwiftPackageProductDependency section */
		66CE6F712442779100915F7F /* SwifterSwift */ = {
			isa = XCSwiftPackageProductDependency;
			package = 66CE6F702442779100915F7F /* XCRemoteSwiftPackageReference "SwifterSwift" */;
			productName = SwifterSwift;
		};
/* End XCSwiftPackageProductDependency section */

/* Begin XCVersionGroup section */
		66CE6F412442772F00915F7F /* attestation_COVID.xcdatamodeld */ = {
			isa = XCVersionGroup;
			children = (
				66CE6F422442772F00915F7F /* COVI19_deplacement.xcdatamodel */,
			);
			currentVersion = 66CE6F422442772F00915F7F /* COVI19_deplacement.xcdatamodel */;
			path = attestation_COVID.xcdatamodeld;
			sourceTree = "<group>";
			versionGroupType = wrapper.xcdatamodel;
		};
/* End XCVersionGroup section */
	};
	rootObject = 66CE6F322442772F00915F7F /* Project object */;
}
